
Microsoft Visual Studio Solution File, Format Version 12.00
# Visual Studio Version 17
VisualStudioVersion = 17.6.33723.286
MinimumVisualStudioVersion = 10.0.40219.1
Project("{9A19103F-16F7-4668-BE54-9A1E7A4F7556}") = "NewsPortalWeb", "NewsPortalWeb\NewsPortalWeb.csproj", "{8B3100AA-6AB5-4AD1-9E9D-FB9BF307AEA6}"
EndProject
Project("{FAE04EC0-301F-11D3-BF4B-00C04F79EFBC}") = "NewsPortal.Models", "NewsPortal.Modals\NewsPortal.Models.csproj", "{A407C4BD-72DB-4EFC-A4F9-1A431A576807}"
EndProject
Project("{FAE04EC0-301F-11D3-BF4B-00C04F79EFBC}") = "NewsPortal.DataAccess", "NewsPortal.DataAccess\NewsPortal.DataAccess.csproj", "{100A0121-BED5-4E5C-81CF-F152E17CCCD6}"
EndProject
Project("{FAE04EC0-301F-11D3-BF4B-00C04F79EFBC}") = "NewsPortal.Utility", "NewsPortal.Utility\NewsPortal.Utility.csproj", "{41CFBF04-EBF5-402B-87A0-B153248950A4}"
EndProject
Global
	GlobalSection(SolutionConfigurationPlatforms) = preSolution
		Debug|Any CPU = Debug|Any CPU
		Release|Any CPU = Release|Any CPU
	EndGlobalSection
	GlobalSection(ProjectConfigurationPlatforms) = postSolution
		{8B3100AA-6AB5-4AD1-9E9D-FB9BF307AEA6}.Debug|Any CPU.ActiveCfg = Debug|Any CPU
		{8B3100AA-6AB5-4AD1-9E9D-FB9BF307AEA6}.Debug|Any CPU.Build.0 = Debug|Any CPU
		{8B3100AA-6AB5-4AD1-9E9D-FB9BF307AEA6}.Release|Any CPU.ActiveCfg = Release|Any CPU
		{8B3100AA-6AB5-4AD1-9E9D-FB9BF307AEA6}.Release|Any CPU.Build.0 = Release|Any CPU
		{A407C4BD-72DB-4EFC-A4F9-1A431A576807}.Debug|Any CPU.ActiveCfg = Debug|Any CPU
		{A407C4BD-72DB-4EFC-A4F9-1A431A576807}.Debug|Any CPU.Build.0 = Debug|Any CPU
		{A407C4BD-72DB-4EFC-A4F9-1A431A576807}.Release|Any CPU.ActiveCfg = Release|Any CPU
		{A407C4BD-72DB-4EFC-A4F9-1A431A576807}.Release|Any CPU.Build.0 = Release|Any CPU
		{100A0121-BED5-4E5C-81CF-F152E17CCCD6}.Debug|Any CPU.ActiveCfg = Debug|Any CPU
		{100A0121-BED5-4E5C-81CF-F152E17CCCD6}.Debug|Any CPU.Build.0 = Debug|Any CPU
		{100A0121-BED5-4E5C-81CF-F152E17CCCD6}.Release|Any CPU.ActiveCfg = Release|Any CPU
		{100A0121-BED5-4E5C-81CF-F152E17CCCD6}.Release|Any CPU.Build.0 = Release|Any CPU
		{41CFBF04-EBF5-402B-87A0-B153248950A4}.Debug|Any CPU.ActiveCfg = Debug|Any CPU
		{41CFBF04-EBF5-402B-87A0-B153248950A4}.Debug|Any CPU.Build.0 = Debug|Any CPU
		{41CFBF04-EBF5-402B-87A0-B153248950A4}.Release|Any CPU.ActiveCfg = Release|Any CPU
		{41CFBF04-EBF5-402B-87A0-B153248950A4}.Release|Any CPU.Build.0 = Release|Any CPU
	EndGlobalSection
	GlobalSection(SolutionProperties) = preSolution
		HideSolutionNode = FALSE
	EndGlobalSection
	GlobalSection(ExtensibilityGlobals) = postSolution
		SolutionGuid = {6E78371F-338C-458C-A2BB-FB60D195A307}
	EndGlobalSection
EndGlobal
